Microsoft Visual Studio Solution File, Format Version 12.00
# Visual Studio Version 17
VisualStudioVersion = 17.5.2.0
MinimumVisualStudioVersion = 10.0.40219.1
Project("{FAE04EC0-301F-11D3-BF4B-00C04F79EFBC}") = "Coldstorage", "Coldstorage.csproj", "{987DF03E-6C65-02C7-15E6-08BB79C55473}"
EndProject
Global
	GlobalSection(SolutionConfigurationPlatforms) = preSolution
		Debug|Any CPU = Debug|Any CPU
		Release|Any CPU = Release|Any CPU
	EndGlobalSection
	GlobalSection(ProjectConfigurationPlatforms) = postSolution
		{987DF03E-6C65-02C7-15E6-08BB79C55473}.Debug|Any CPU.ActiveCfg = Debug|Any CPU
		{987DF03E-6C65-02C7-15E6-08BB79C55473}.Debug|Any CPU.Build.0 = Debug|Any CPU
		{987DF03E-6C65-02C7-15E6-08BB79C55473}.Release|Any CPU.ActiveCfg = Release|Any CPU
		{987DF03E-6C65-02C7-15E6-08BB79C55473}.Release|Any CPU.Build.0 = Release|Any CPU
	EndGlobalSection
	GlobalSection(SolutionProperties) = preSolution
		HideSolutionNode = FALSE
	EndGlobalSection
	GlobalSection(ExtensibilityGlobals) = postSolution
		SolutionGuid = {6FA30B29-CB6E-46D9-B1C6-4244F5290D2E}
	EndGlobalSection
EndGlobal
